
Microsoft Visual Studio Solution File, Format Version 12.00
Project("{FAE04EC0-301F-11D3-BF4B-00C04F79EFBC}") = "Woidbua.Cqrs", "Woidbua.Cqrs\Woidbua.Cqrs.csproj", "{ECAFF2BB-5EE2-4CF1-8866-9254C2A8F427}"
EndProject
Global
	GlobalSection(SolutionConfigurationPlatforms) = preSolution
		Debug|Any CPU = Debug|Any CPU
		Release|Any CPU = Release|Any CPU
	EndGlobalSection
	GlobalSection(ProjectConfigurationPlatforms) = postSolution
		{ECAFF2BB-5EE2-4CF1-8866-9254C2A8F427}.Debug|Any CPU.ActiveCfg = Debug|Any CPU
		{ECAFF2BB-5EE2-4CF1-8866-9254C2A8F427}.Debug|Any CPU.Build.0 = Debug|Any CPU
		{ECAFF2BB-5EE2-4CF1-8866-9254C2A8F427}.Release|Any CPU.ActiveCfg = Release|Any CPU
		{ECAFF2BB-5EE2-4CF1-8866-9254C2A8F427}.Release|Any CPU.Build.0 = Release|Any CPU
	EndGlobalSection
EndGlobal
